
Microsoft Visual Studio Solution File, Format Version 12.00
# Visual Studio Version 17
VisualStudioVersion = 17.1.32319.34
MinimumVisualStudioVersion = 10.0.40219.1
Project("{9A19103F-16F7-4668-BE54-9A1E7A4F7556}") = "WebApi", "WebApi\WebApi.csproj", "{BFAB6B90-2FB3-4131-BA45-1C99C7C59F2A}"
EndProject
Project("{9A19103F-16F7-4668-BE54-9A1E7A4F7556}") = "WebApi.Business", "WebApi.Business\WebApi.Business.csproj", "{BB718940-D4E9-4C1C-B5A5-4EE8CFF6AD87}"
EndProject
Project("{9A19103F-16F7-4668-BE54-9A1E7A4F7556}") = "WebApi.DataAccess", "WebApi.DataAccess\WebApi.DataAccess.csproj", "{C6AC60E0-4395-424F-AB2B-DE8C8D7369B5}"
EndProject
Project("{9A19103F-16F7-4668-BE54-9A1E7A4F7556}") = "WebApi.Entity", "WebApi.Entity\WebApi.Entity.csproj", "{85E4A8CE-B208-4426-BC8B-3A70707758E5}"
EndProject
Global
	GlobalSection(SolutionConfigurationPlatforms) = preSolution
		Debug|Any CPU = Debug|Any CPU
		Release|Any CPU = Release|Any CPU
	EndGlobalSection
	GlobalSection(ProjectConfigurationPlatforms) = postSolution
		{BFAB6B90-2FB3-4131-BA45-1C99C7C59F2A}.Debug|Any CPU.ActiveCfg = Debug|Any CPU
		{BFAB6B90-2FB3-4131-BA45-1C99C7C59F2A}.Debug|Any CPU.Build.0 = Debug|Any CPU
		{BFAB6B90-2FB3-4131-BA45-1C99C7C59F2A}.Release|Any CPU.ActiveCfg = Release|Any CPU
		{BFAB6B90-2FB3-4131-BA45-1C99C7C59F2A}.Release|Any CPU.Build.0 = Release|Any CPU
		{BB718940-D4E9-4C1C-B5A5-4EE8CFF6AD87}.Debug|Any CPU.ActiveCfg = Debug|Any CPU
		{BB718940-D4E9-4C1C-B5A5-4EE8CFF6AD87}.Debug|Any CPU.Build.0 = Debug|Any CPU
		{BB718940-D4E9-4C1C-B5A5-4EE8CFF6AD87}.Release|Any CPU.ActiveCfg = Release|Any CPU
		{BB718940-D4E9-4C1C-B5A5-4EE8CFF6AD87}.Release|Any CPU.Build.0 = Release|Any CPU
		{C6AC60E0-4395-424F-AB2B-DE8C8D7369B5}.Debug|Any CPU.ActiveCfg = Debug|Any CPU
		{C6AC60E0-4395-424F-AB2B-DE8C8D7369B5}.Debug|Any CPU.Build.0 = Debug|Any CPU
		{C6AC60E0-4395-424F-AB2B-DE8C8D7369B5}.Release|Any CPU.ActiveCfg = Release|Any CPU
		{C6AC60E0-4395-424F-AB2B-DE8C8D7369B5}.Release|Any CPU.Build.0 = Release|Any CPU
		{85E4A8CE-B208-4426-BC8B-3A70707758E5}.Debug|Any CPU.ActiveCfg = Debug|Any CPU
		{85E4A8CE-B208-4426-BC8B-3A70707758E5}.Debug|Any CPU.Build.0 = Debug|Any CPU
		{85E4A8CE-B208-4426-BC8B-3A70707758E5}.Release|Any CPU.ActiveCfg = Release|Any CPU
		{85E4A8CE-B208-4426-BC8B-3A70707758E5}.Release|Any CPU.Build.0 = Release|Any CPU
	EndGlobalSection
	GlobalSection(SolutionProperties) = preSolution
		HideSolutionNode = FALSE
	EndGlobalSection
	GlobalSection(ExtensibilityGlobals) = postSolution
		SolutionGuid = {1D42E908-47E8-445B-B5D9-C1DF02C6F5C5}
	EndGlobalSection
EndGlobal
